<?xml version="1.0" encoding="utf-8"?>
<Project ToolsVersion="4.0" xmlns="http://schemas.microsoft.com/developer/msbuild/2003">
  <ItemGroup>
    <Filter Include="Source Files">
      <UniqueIdentifier>{4FC737F1-C7A5-4376-A066-2A32D752A2FF}</UniqueIdentifier>
      <Extensions>cpp;c;cc;cxx;def;odl;idl;hpj;bat;asm;asmx</Extensions>
    </Filter>
    <Filter Include="Header Files">
      <UniqueIdentifier>{93995380-89BD-4b04-88EB-625FBE52EBFB}</UniqueIdentifier>
      <Extensions>h;hh;hpp;hxx;hm;inl;inc;xsd</Extensions>
    </Filter>
    <Filter Include="Map">
      <UniqueIdentifier>{bfe35d19-5f15-4d8e-804d-39ea65dfc16b}</UniqueIdentifier>
    </Filter>
    <Filter Include="Picture/Scene">
      <UniqueIdentifier>{67DA6AB6-F800-4c08-8B7A-83BB121AAD01}</UniqueIdentifier>
      <Extensions>rc;ico;cur;bmp;dlg;rc2;rct;bin;rgs;gif;jpg;jpeg;jpe;resx;tiff;tif;png;wav;mfcribbon-ms</Extensions>
    </Filter>
    <Filter Include="Picture/Scene\Scene">
      <UniqueIdentifier>{951dbc83-8e5e-4977-b4ed-d89585e9a32d}</UniqueIdentifier>
    </Filter>
    <Filter Include="Picture/Scene\Koopas/Goomba">
      <UniqueIdentifier>{023d1485-dcf9-4064-a93d-c900c9c8ad6d}</UniqueIdentifier>
    </Filter>
    <Filter Include="PlayScene">
      <UniqueIdentifier>{a7bda07e-7202-4f8f-9250-a5794d2960bf}</UniqueIdentifier>
    </Filter>
    <Filter Include="Picture/Scene\World1">
      <UniqueIdentifier>{de1778f8-ab44-4103-a648-5e8a0a573af8}</UniqueIdentifier>
    </Filter>
    <Filter Include="Opening">
      <UniqueIdentifier>{c0e16d56-f599-4064-9a03-2ce2a7d7316a}</UniqueIdentifier>
    </Filter>
    <Filter Include="OverWorld">
      <UniqueIdentifier>{1215cb1d-7f16-4107-a46b-7044e26a703f}</UniqueIdentifier>
    </Filter>
    <Filter Include="OverWorld\World1">
      <UniqueIdentifier>{a386c9cf-df29-42e3-a7df-455ad1a54b0f}</UniqueIdentifier>
    </Filter>
    <Filter Include="World">
      <UniqueIdentifier>{5848e480-b8ed-4a4c-bf40-e05549b9e8f7}</UniqueIdentifier>
    </Filter>
    <Filter Include="World\World1">
      <UniqueIdentifier>{7ff16def-207a-4f67-83d6-d3d0aee32fa8}</UniqueIdentifier>
    </Filter>
    <Filter Include="MarioWeapon">
      <UniqueIdentifier>{244d3937-a7ff-4867-a6d2-062a496e46e2}</UniqueIdentifier>
    </Filter>
    <Filter Include="HUD">
      <UniqueIdentifier>{6253e671-dc74-4a05-9375-6f9c1ff9b1dd}</UniqueIdentifier>
    </Filter>
    <Filter Include="Camera">
      <UniqueIdentifier>{0d58f8db-33cc-4d85-bcf6-b86ba8d53b22}</UniqueIdentifier>
    </Filter>
    <Filter Include="PlayScene\Object">
      <UniqueIdentifier>{850d4f8d-a73a-4af8-bcd3-103c1284dd88}</UniqueIdentifier>
    </Filter>
    <Filter Include="PlayScene\Effect">
      <UniqueIdentifier>{3b1447fe-ce3d-4a7d-8e8f-329f5a9f6bf0}</UniqueIdentifier>
    </Filter>
    <Filter Include="PlayScene\Ground">
      <UniqueIdentifier>{122a92db-cf6d-4cdb-ae70-3d48f9c892c2}</UniqueIdentifier>
    </Filter>
    <Filter Include="PlayScene\Enemy">
      <UniqueIdentifier>{9bc4c98e-7e1c-4b82-afac-f499ce75ad1d}</UniqueIdentifier>
    </Filter>
    <Filter Include="PlayScene\Enemy\Plant">
      <UniqueIdentifier>{ebc0494f-32fa-41e9-93d6-2fe70bfa4ee5}</UniqueIdentifier>
    </Filter>
    <Filter Include="PlayScene\Enemy\Koopas">
      <UniqueIdentifier>{dfd3103f-6796-4d0a-b751-c90f435201a8}</UniqueIdentifier>
    </Filter>
    <Filter Include="PlayScene\Enemy\Goomba">
      <UniqueIdentifier>{a20d0f29-2b7b-487a-9722-bc70d9d3f100}</UniqueIdentifier>
    </Filter>
    <Filter Include="PlayScene\Item">
      <UniqueIdentifier>{2aa10810-226b-4f10-9a35-ce6e35b1826a}</UniqueIdentifier>
    </Filter>
    <Filter Include="PlayScene\Mario">
      <UniqueIdentifier>{c8bb9764-a58a-41fb-bab8-a1a6bbe9c678}</UniqueIdentifier>
    </Filter>
    <Filter Include="OverWorld\Player">
      <UniqueIdentifier>{a65e8588-0002-4b2d-b6cd-0cab18bc4ebc}</UniqueIdentifier>
    </Filter>
  </ItemGroup>
  <ItemGroup>
    <ClCompile Include="Game.cpp">
      <Filter>Source Files</Filter>
    </ClCompile>
    <ClCompile Include="GameObject.cpp">
      <Filter>Source Files</Filter>
    </ClCompile>
    <ClCompile Include="main.cpp">
      <Filter>Source Files</Filter>
    </ClCompile>
    <ClCompile Include="Sprites.cpp">
      <Filter>Source Files</Filter>
    </ClCompile>
    <ClCompile Include="Textures.cpp">
      <Filter>Source Files</Filter>
    </ClCompile>
    <ClCompile Include="Scence.cpp">
      <Filter>Source Files</Filter>
    </ClCompile>
    <ClCompile Include="Animations.cpp">
      <Filter>Source Files</Filter>
    </ClCompile>
    <ClCompile Include="Utils.cpp">
      <Filter>Source Files</Filter>
    </ClCompile>
    <ClCompile Include="Portal.cpp">
      <Filter>Source Files</Filter>
    </ClCompile>
    <ClCompile Include="Block.cpp">
      <Filter>PlayScene\Object</Filter>
    </ClCompile>
    <ClCompile Include="Brick.cpp">
      <Filter>PlayScene\Object</Filter>
    </ClCompile>
    <ClCompile Include="Mario.cpp">
      <Filter>PlayScene\Mario</Filter>
    </ClCompile>
    <ClCompile Include="QuestionBrick.cpp">
      <Filter>PlayScene\Object</Filter>
    </ClCompile>
    <ClCompile Include="WarpPipe.cpp">
      <Filter>PlayScene\Object</Filter>
    </ClCompile>
    <ClCompile Include="Map.cpp">
      <Filter>Map</Filter>
    </ClCompile>
    <ClCompile Include="PlayScence.cpp">
      <Filter>PlayScene</Filter>
    </ClCompile>
    <ClCompile Include="QuestionBrickItem.cpp">
      <Filter>PlayScene\Item</Filter>
    </ClCompile>
    <ClCompile Include="ItemBrick.cpp">
      <Filter>PlayScene\Object</Filter>
    </ClCompile>
    <ClCompile Include="GreenFirePlant.cpp">
      <Filter>PlayScene\Enemy\Plant</Filter>
    </ClCompile>
    <ClCompile Include="GreenPlant.cpp">
      <Filter>PlayScene\Enemy\Plant</Filter>
    </ClCompile>
    <ClCompile Include="FirePiranhaPlant.cpp">
      <Filter>PlayScene\Enemy\Plant</Filter>
    </ClCompile>
    <ClCompile Include="GreenFlyKoopas.cpp">
      <Filter>PlayScene\Enemy\Koopas</Filter>
    </ClCompile>
    <ClCompile Include="GreenKoopas.cpp">
      <Filter>PlayScene\Enemy\Koopas</Filter>
    </ClCompile>
    <ClCompile Include="Koopas.cpp">
      <Filter>PlayScene\Enemy\Koopas</Filter>
    </ClCompile>
    <ClCompile Include="Goomba.cpp">
      <Filter>PlayScene\Enemy\Goomba</Filter>
    </ClCompile>
    <ClCompile Include="MenuOption.cpp">
      <Filter>Opening</Filter>
    </ClCompile>
    <ClCompile Include="Opening.cpp">
      <Filter>Opening</Filter>
    </ClCompile>
    <ClCompile Include="World1.cpp">
      <Filter>OverWorld\World1</Filter>
    </ClCompile>
    <ClCompile Include="Coin.cpp">
      <Filter>PlayScene\Item</Filter>
    </ClCompile>
    <ClCompile Include="Ground.cpp">
      <Filter>PlayScene\Ground</Filter>
    </ClCompile>
    <ClCompile Include="FireBullet.cpp">
      <Filter>MarioWeapon</Filter>
    </ClCompile>
    <ClCompile Include="Camera.cpp">
      <Filter>Source Files</Filter>
    </ClCompile>
    <ClCompile Include="HUD.cpp">
      <Filter>HUD</Filter>
    </ClCompile>
    <ClCompile Include="ItemCard.cpp">
      <Filter>Source Files</Filter>
    </ClCompile>
    <ClCompile Include="MarioOverWorld.cpp">
      <Filter>OverWorld\Player</Filter>
    </ClCompile>
    <ClCompile Include="MarioTail.cpp">
      <Filter>MarioWeapon</Filter>
    </ClCompile>
    <ClCompile Include="BrickItem.cpp">
      <Filter>PlayScene\Object</Filter>
    </ClCompile>
    <ClCompile Include="Gate.cpp">
      <Filter>OverWorld</Filter>
    </ClCompile>
    <ClCompile Include="DancingTree.cpp">
      <Filter>Source Files</Filter>
    </ClCompile>
    <ClCompile Include="EffectHit.cpp">
      <Filter>PlayScene\Effect</Filter>
    </ClCompile>
    <ClCompile Include="EffectSmoke.cpp">
      <Filter>PlayScene\Effect</Filter>
    </ClCompile>
    <ClCompile Include="ButtonP.cpp">
      <Filter>PlayScene\Item</Filter>
    </ClCompile>
    <ClCompile Include="EffectScore.cpp">
      <Filter>PlayScene\Effect</Filter>
    </ClCompile>
    <ClCompile Include="Enemy.cpp">
      <Filter>PlayScene\Enemy</Filter>
    </ClCompile>
    <ClCompile Include="Item.cpp">
      <Filter>Source Files</Filter>
    </ClCompile>
  </ItemGroup>
  <ItemGroup>
    <ClInclude Include="Game.h">
      <Filter>Header Files</Filter>
    </ClInclude>
    <ClInclude Include="GameObject.h">
      <Filter>Header Files</Filter>
    </ClInclude>
    <ClInclude Include="Sprites.h">
      <Filter>Header Files</Filter>
    </ClInclude>
    <ClInclude Include="Textures.h">
      <Filter>Header Files</Filter>
    </ClInclude>
    <ClInclude Include="Scence.h">
      <Filter>Header Files</Filter>
    </ClInclude>
    <ClInclude Include="Animations.h">
      <Filter>Header Files</Filter>
    </ClInclude>
    <ClInclude Include="KeyEventHandler.h">
      <Filter>Header Files</Filter>
    </ClInclude>
    <ClInclude Include="Utils.h">
      <Filter>Header Files</Filter>
    </ClInclude>
    <ClInclude Include="Portal.h">
      <Filter>Header Files</Filter>
    </ClInclude>
    <ClInclude Include="Block.h">
      <Filter>PlayScene\Object</Filter>
    </ClInclude>
    <ClInclude Include="Brick.h">
      <Filter>PlayScene\Object</Filter>
    </ClInclude>
    <ClInclude Include="Mario.h">
      <Filter>PlayScene\Mario</Filter>
    </ClInclude>
    <ClInclude Include="QuestionBrick.h">
      <Filter>PlayScene\Object</Filter>
    </ClInclude>
    <ClInclude Include="WarpPipe.h">
      <Filter>PlayScene\Object</Filter>
    </ClInclude>
    <ClInclude Include="Map.h">
      <Filter>Map</Filter>
    </ClInclude>
    <ClInclude Include="PlayScence.h">
      <Filter>PlayScene</Filter>
    </ClInclude>
    <ClInclude Include="ItemBrick.h">
      <Filter>PlayScene\Object</Filter>
    </ClInclude>
    <ClInclude Include="QuestionBrickItem.h">
      <Filter>PlayScene\Item</Filter>
    </ClInclude>
    <ClInclude Include="FirePiranhaPlant.h">
      <Filter>PlayScene\Enemy\Plant</Filter>
    </ClInclude>
    <ClInclude Include="GreenFirePlant.h">
      <Filter>PlayScene\Enemy\Plant</Filter>
    </ClInclude>
    <ClInclude Include="GreenPlant.h">
      <Filter>PlayScene\Enemy\Plant</Filter>
    </ClInclude>
    <ClInclude Include="GreenFlyKoopas.h">
      <Filter>PlayScene\Enemy\Koopas</Filter>
    </ClInclude>
    <ClInclude Include="GreenKoopas.h">
      <Filter>PlayScene\Enemy\Koopas</Filter>
    </ClInclude>
    <ClInclude Include="Koopas.h">
      <Filter>PlayScene\Enemy\Koopas</Filter>
    </ClInclude>
    <ClInclude Include="Goomba.h">
      <Filter>PlayScene\Enemy\Goomba</Filter>
    </ClInclude>
    <ClInclude Include="MenuOption.h">
      <Filter>Opening</Filter>
    </ClInclude>
    <ClInclude Include="Opening.h">
      <Filter>Opening</Filter>
    </ClInclude>
    <ClInclude Include="World1.h">
      <Filter>OverWorld\World1</Filter>
    </ClInclude>
    <ClInclude Include="Gate.h">
      <Filter>Header Files</Filter>
    </ClInclude>
    <ClInclude Include="Coin.h">
      <Filter>PlayScene\Item</Filter>
    </ClInclude>
    <ClInclude Include="Ground.h">
      <Filter>PlayScene\Ground</Filter>
    </ClInclude>
    <ClInclude Include="FireBullet.h">
      <Filter>MarioWeapon</Filter>
    </ClInclude>
    <ClInclude Include="HUD.h">
      <Filter>HUD</Filter>
    </ClInclude>
    <ClInclude Include="ItemCard.h">
      <Filter>Header Files</Filter>
    </ClInclude>
    <ClInclude Include="EffectHit.h">
      <Filter>PlayScene\Effect</Filter>
    </ClInclude>
    <ClInclude Include="EffectSmoke.h">
      <Filter>PlayScene\Effect</Filter>
    </ClInclude>
    <ClInclude Include="Camera.h">
      <Filter>Camera</Filter>
    </ClInclude>
    <ClInclude Include="BrickItem.h">
      <Filter>PlayScene\Object</Filter>
    </ClInclude>
    <ClInclude Include="MarioOverWorld.h">
      <Filter>OverWorld\Player</Filter>
    </ClInclude>
    <ClInclude Include="MarioTail.h">
      <Filter>MarioWeapon</Filter>
    </ClInclude>
    <ClInclude Include="DancingTree.h">
      <Filter>Header Files</Filter>
    </ClInclude>
    <ClInclude Include="ButtonP.h">
      <Filter>PlayScene\Item</Filter>
    </ClInclude>
    <ClInclude Include="EffectScore.h">
      <Filter>PlayScene\Effect</Filter>
    </ClInclude>
    <ClInclude Include="Enemy.h">
      <Filter>PlayScene\Enemy</Filter>
    </ClInclude>
    <ClInclude Include="Item.h">
      <Filter>Header Files</Filter>
    </ClInclude>
  </ItemGroup>
  <ItemGroup>
    <Text Include="mario-sample.txt">
      <Filter>Picture/Scene\Scene</Filter>
    </Text>
    <Text Include="scene1.txt">
      <Filter>Picture/Scene\Scene</Filter>
    </Text>
    <Text Include="textures\map1.txt">
      <Filter>Map</Filter>
    </Text>
    <Text Include="OpeningScene.txt">
      <Filter>Picture/Scene\Scene</Filter>
    </Text>
    <Text Include="textures\Opening\MapOpening.txt">
      <Filter>Picture/Scene\Scene</Filter>
    </Text>
    <Text Include="textures\Overworld\World2Map.txt" />
    <Text Include="textures\Overworld\World1Scene.txt">
      <Filter>OverWorld\World1</Filter>
    </Text>
    <Text Include="textures\World\World1\Scene1.1.txt">
      <Filter>World\World1</Filter>
    </Text>
    <Text Include="textures\World\World1\SceneHidden1.1.txt" />
    <Text Include="textures\World\World1\SceneHidden1.1Map.txt">
      <Filter>World\World1</Filter>
    </Text>
    <Text Include="textures\World\World1\Scene1.1Map.txt">
      <Filter>World\World1</Filter>
    </Text>
    <Text Include="textures\World\World1\Scene1.1 - Copy.txt" />
  </ItemGroup>
  <ItemGroup>
    <Image Include="textures\misc1.png">
      <Filter>Picture/Scene</Filter>
    </Image>
    <Image Include="textures\sprites.png">
      <Filter>Picture/Scene</Filter>
    </Image>
    <Image Include="textures\Koopas.png">
      <Filter>Picture/Scene\Koopas/Goomba</Filter>
    </Image>
    <Image Include="textures\Goomba_Koopas\Left.png">
      <Filter>Picture/Scene\Koopas/Goomba</Filter>
    </Image>
    <Image Include="textures\Goomba_Koopas\LeftUp.png">
      <Filter>Picture/Scene\Koopas/Goomba</Filter>
    </Image>
    <Image Include="textures\Goomba_Koopas\Right.png">
      <Filter>Picture/Scene\Koopas/Goomba</Filter>
    </Image>
    <Image Include="textures\Goomba_Koopas\RightUp.png">
      <Filter>Picture/Scene\Koopas/Goomba</Filter>
    </Image>
    <Image Include="textures\bbox.png">
      <Filter>Picture/Scene</Filter>
    </Image>
    <Image Include="textures\Opening\MapOpening.png">
      <Filter>Picture/Scene</Filter>
    </Image>
    <Image Include="textures\ScoreBoard - Copy.png">
      <Filter>Picture/Scene</Filter>
    </Image>
    <Image Include="textures\World\World1\SceneHidden1.1Tile.png">
      <Filter>Picture/Scene</Filter>
    </Image>
    <Image Include="textures\World\World1\Scene1.1Tile.png">
      <Filter>Picture/Scene</Filter>
    </Image>
  </ItemGroup>
</Project>