<?xml version="1.0" encoding="utf-8"?>
<Project ToolsVersion="4.0" xmlns="http://schemas.microsoft.com/developer/msbuild/2003">
  <ItemGroup>
    <Filter Include="Source Files">
      <UniqueIdentifier>{4FC737F1-C7A5-4376-A066-2A32D752A2FF}</UniqueIdentifier>
      <Extensions>cpp;c;cc;cxx;def;odl;idl;hpj;bat;asm;asmx</Extensions>
    </Filter>
    <Filter Include="Header Files">
      <UniqueIdentifier>{93995380-89BD-4b04-88EB-625FBE52EBFB}</UniqueIdentifier>
      <Extensions>h;hh;hpp;hxx;hm;inl;inc;xsd</Extensions>
    </Filter>
    <Filter Include="Map">
      <UniqueIdentifier>{bfe35d19-5f15-4d8e-804d-39ea65dfc16b}</UniqueIdentifier>
    </Filter>
    <Filter Include="PlayScene">
      <UniqueIdentifier>{a7bda07e-7202-4f8f-9250-a5794d2960bf}</UniqueIdentifier>
    </Filter>
    <Filter Include="OverWorld">
      <UniqueIdentifier>{1215cb1d-7f16-4107-a46b-7044e26a703f}</UniqueIdentifier>
    </Filter>
    <Filter Include="World">
      <UniqueIdentifier>{5848e480-b8ed-4a4c-bf40-e05549b9e8f7}</UniqueIdentifier>
    </Filter>
    <Filter Include="World\World1">
      <UniqueIdentifier>{7ff16def-207a-4f67-83d6-d3d0aee32fa8}</UniqueIdentifier>
    </Filter>
    <Filter Include="HUD">
      <UniqueIdentifier>{6253e671-dc74-4a05-9375-6f9c1ff9b1dd}</UniqueIdentifier>
    </Filter>
    <Filter Include="Camera">
      <UniqueIdentifier>{0d58f8db-33cc-4d85-bcf6-b86ba8d53b22}</UniqueIdentifier>
    </Filter>
    <Filter Include="PlayScene\Object">
      <UniqueIdentifier>{850d4f8d-a73a-4af8-bcd3-103c1284dd88}</UniqueIdentifier>
    </Filter>
    <Filter Include="PlayScene\Effect">
      <UniqueIdentifier>{3b1447fe-ce3d-4a7d-8e8f-329f5a9f6bf0}</UniqueIdentifier>
    </Filter>
    <Filter Include="PlayScene\Ground">
      <UniqueIdentifier>{122a92db-cf6d-4cdb-ae70-3d48f9c892c2}</UniqueIdentifier>
    </Filter>
    <Filter Include="PlayScene\Enemy">
      <UniqueIdentifier>{9bc4c98e-7e1c-4b82-afac-f499ce75ad1d}</UniqueIdentifier>
    </Filter>
    <Filter Include="PlayScene\Enemy\Plant">
      <UniqueIdentifier>{ebc0494f-32fa-41e9-93d6-2fe70bfa4ee5}</UniqueIdentifier>
    </Filter>
    <Filter Include="PlayScene\Enemy\Koopas">
      <UniqueIdentifier>{dfd3103f-6796-4d0a-b751-c90f435201a8}</UniqueIdentifier>
    </Filter>
    <Filter Include="PlayScene\Enemy\Goomba">
      <UniqueIdentifier>{a20d0f29-2b7b-487a-9722-bc70d9d3f100}</UniqueIdentifier>
    </Filter>
    <Filter Include="PlayScene\Item">
      <UniqueIdentifier>{2aa10810-226b-4f10-9a35-ce6e35b1826a}</UniqueIdentifier>
    </Filter>
    <Filter Include="PlayScene\Mario">
      <UniqueIdentifier>{c8bb9764-a58a-41fb-bab8-a1a6bbe9c678}</UniqueIdentifier>
    </Filter>
    <Filter Include="OverWorld\Player">
      <UniqueIdentifier>{a65e8588-0002-4b2d-b6cd-0cab18bc4ebc}</UniqueIdentifier>
    </Filter>
    <Filter Include="World\World1\Scene1.4">
      <UniqueIdentifier>{4f0042d2-4ab8-4455-9d76-3d04605e5eea}</UniqueIdentifier>
    </Filter>
    <Filter Include="World\World1\Scene1.1">
      <UniqueIdentifier>{729ddd3f-42b0-4d83-8137-b44d232d1765}</UniqueIdentifier>
    </Filter>
    <Filter Include="PlayScene\MarioWeapon">
      <UniqueIdentifier>{244d3937-a7ff-4867-a6d2-062a496e46e2}</UniqueIdentifier>
    </Filter>
    <Filter Include="PlayScene\Enemy\BoomerangEnemy">
      <UniqueIdentifier>{2b5ed4e3-b63b-406d-b56f-4f98f968c810}</UniqueIdentifier>
    </Filter>
    <Filter Include="PlayScene\Enemy\EnemyWeapon">
      <UniqueIdentifier>{3de54c42-075a-4627-84f3-40f2967c00bc}</UniqueIdentifier>
    </Filter>
    <Filter Include="OverWorld\WorldMap">
      <UniqueIdentifier>{a386c9cf-df29-42e3-a7df-455ad1a54b0f}</UniqueIdentifier>
    </Filter>
    <Filter Include="Grid">
      <UniqueIdentifier>{6934e3af-231a-45f3-9b5c-734dcbb7ad4e}</UniqueIdentifier>
    </Filter>
    <Filter Include="Intro">
      <UniqueIdentifier>{c0e16d56-f599-4064-9a03-2ce2a7d7316a}</UniqueIdentifier>
    </Filter>
    <Filter Include="World\World1\Scene1.3">
      <UniqueIdentifier>{d0bd4981-030a-4a8b-98b5-c43534592557}</UniqueIdentifier>
    </Filter>
  </ItemGroup>
  <ItemGroup>
    <ClCompile Include="Game.cpp">
      <Filter>Source Files</Filter>
    </ClCompile>
    <ClCompile Include="GameObject.cpp">
      <Filter>Source Files</Filter>
    </ClCompile>
    <ClCompile Include="main.cpp">
      <Filter>Source Files</Filter>
    </ClCompile>
    <ClCompile Include="Sprites.cpp">
      <Filter>Source Files</Filter>
    </ClCompile>
    <ClCompile Include="Textures.cpp">
      <Filter>Source Files</Filter>
    </ClCompile>
    <ClCompile Include="Scence.cpp">
      <Filter>Source Files</Filter>
    </ClCompile>
    <ClCompile Include="Animations.cpp">
      <Filter>Source Files</Filter>
    </ClCompile>
    <ClCompile Include="Utils.cpp">
      <Filter>Source Files</Filter>
    </ClCompile>
    <ClCompile Include="Block.cpp">
      <Filter>PlayScene\Object</Filter>
    </ClCompile>
    <ClCompile Include="Brick.cpp">
      <Filter>PlayScene\Object</Filter>
    </ClCompile>
    <ClCompile Include="Mario.cpp">
      <Filter>PlayScene\Mario</Filter>
    </ClCompile>
    <ClCompile Include="QuestionBrick.cpp">
      <Filter>PlayScene\Object</Filter>
    </ClCompile>
    <ClCompile Include="WarpPipe.cpp">
      <Filter>PlayScene\Object</Filter>
    </ClCompile>
    <ClCompile Include="Map.cpp">
      <Filter>Map</Filter>
    </ClCompile>
    <ClCompile Include="QuestionBrickItem.cpp">
      <Filter>PlayScene\Item</Filter>
    </ClCompile>
    <ClCompile Include="ItemBrick.cpp">
      <Filter>PlayScene\Object</Filter>
    </ClCompile>
    <ClCompile Include="GreenFirePlant.cpp">
      <Filter>PlayScene\Enemy\Plant</Filter>
    </ClCompile>
    <ClCompile Include="GreenPlant.cpp">
      <Filter>PlayScene\Enemy\Plant</Filter>
    </ClCompile>
    <ClCompile Include="FirePiranhaPlant.cpp">
      <Filter>PlayScene\Enemy\Plant</Filter>
    </ClCompile>
    <ClCompile Include="GreenFlyKoopas.cpp">
      <Filter>PlayScene\Enemy\Koopas</Filter>
    </ClCompile>
    <ClCompile Include="GreenKoopas.cpp">
      <Filter>PlayScene\Enemy\Koopas</Filter>
    </ClCompile>
    <ClCompile Include="Koopas.cpp">
      <Filter>PlayScene\Enemy\Koopas</Filter>
    </ClCompile>
    <ClCompile Include="Goomba.cpp">
      <Filter>PlayScene\Enemy\Goomba</Filter>
    </ClCompile>
    <ClCompile Include="MenuOption.cpp">
      <Filter>Intro</Filter>
    </ClCompile>
    <ClCompile Include="WorldMap.cpp">
      <Filter>OverWorld\WorldMap</Filter>
    </ClCompile>
    <ClCompile Include="Coin.cpp">
      <Filter>PlayScene\Item</Filter>
    </ClCompile>
    <ClCompile Include="Ground.cpp">
      <Filter>PlayScene\Ground</Filter>
    </ClCompile>
    <ClCompile Include="FireBullet.cpp">
      <Filter>PlayScene\MarioWeapon</Filter>
    </ClCompile>
    <ClCompile Include="HUD.cpp">
      <Filter>HUD</Filter>
    </ClCompile>
    <ClCompile Include="MarioOverWorld.cpp">
      <Filter>OverWorld\Player</Filter>
    </ClCompile>
    <ClCompile Include="MarioTail.cpp">
      <Filter>PlayScene\MarioWeapon</Filter>
    </ClCompile>
    <ClCompile Include="BrickItem.cpp">
      <Filter>PlayScene\Object</Filter>
    </ClCompile>
    <ClCompile Include="EffectHit.cpp">
      <Filter>PlayScene\Effect</Filter>
    </ClCompile>
    <ClCompile Include="EffectSmoke.cpp">
      <Filter>PlayScene\Effect</Filter>
    </ClCompile>
    <ClCompile Include="ButtonP.cpp">
      <Filter>PlayScene\Item</Filter>
    </ClCompile>
    <ClCompile Include="EffectScore.cpp">
      <Filter>PlayScene\Effect</Filter>
    </ClCompile>
    <ClCompile Include="Enemy.cpp">
      <Filter>PlayScene\Enemy</Filter>
    </ClCompile>
    <ClCompile Include="RedFlyKoopas.cpp">
      <Filter>PlayScene\Enemy\Koopas</Filter>
    </ClCompile>
    <ClCompile Include="BoomerangEnemy.cpp">
      <Filter>PlayScene\Enemy\BoomerangEnemy</Filter>
    </ClCompile>
    <ClCompile Include="RedGoomba.cpp">
      <Filter>PlayScene\Enemy\Goomba</Filter>
    </ClCompile>
    <ClCompile Include="PlayScence.cpp">
      <Filter>PlayScene</Filter>
    </ClCompile>
    <ClCompile Include="Camera.cpp">
      <Filter>Camera</Filter>
    </ClCompile>
    <ClCompile Include="BoomerangWeapon.cpp">
      <Filter>PlayScene\Enemy\EnemyWeapon</Filter>
    </ClCompile>
    <ClCompile Include="BreakItemBrick.cpp">
      <Filter>PlayScene\Object</Filter>
    </ClCompile>
    <ClCompile Include="Card.cpp">
      <Filter>PlayScene\Item</Filter>
    </ClCompile>
    <ClCompile Include="Cell.cpp">
      <Filter>Grid</Filter>
    </ClCompile>
    <ClCompile Include="Curtain.cpp">
      <Filter>Intro</Filter>
    </ClCompile>
    <ClCompile Include="DancingTree.cpp">
      <Filter>OverWorld\WorldMap</Filter>
    </ClCompile>
    <ClCompile Include="Gate.cpp">
      <Filter>OverWorld\WorldMap</Filter>
    </ClCompile>
    <ClCompile Include="FlyGoomba.cpp">
      <Filter>PlayScene\Enemy\Goomba</Filter>
    </ClCompile>
    <ClCompile Include="FlyWood.cpp">
      <Filter>PlayScene\Object</Filter>
    </ClCompile>
    <ClCompile Include="Grid.cpp">
      <Filter>Grid</Filter>
    </ClCompile>
    <ClCompile Include="HiddenMusicBrick.cpp">
      <Filter>PlayScene\Object</Filter>
    </ClCompile>
    <ClCompile Include="IntroScene.cpp">
      <Filter>Intro</Filter>
    </ClCompile>
    <ClCompile Include="Item.cpp">
      <Filter>PlayScene\Item</Filter>
    </ClCompile>
    <ClCompile Include="ListItemBrick.cpp">
      <Filter>PlayScene\Object</Filter>
    </ClCompile>
    <ClCompile Include="ListNormalBrick.cpp">
      <Filter>PlayScene\Object</Filter>
    </ClCompile>
    <ClCompile Include="ListQuestionBrick.cpp">
      <Filter>PlayScene\Object</Filter>
    </ClCompile>
    <ClCompile Include="MusicBrick.cpp">
      <Filter>PlayScene\Object</Filter>
    </ClCompile>
    <ClCompile Include="Notification.cpp">
      <Filter>PlayScene\Effect</Filter>
    </ClCompile>
    <ClCompile Include="Portal.cpp">
      <Filter>PlayScene\Object</Filter>
    </ClCompile>
    <ClCompile Include="SmallGoomba.cpp">
      <Filter>PlayScene\Enemy\Goomba</Filter>
    </ClCompile>
    <ClCompile Include="Weapon.cpp">
      <Filter>PlayScene\MarioWeapon</Filter>
    </ClCompile>
  </ItemGroup>
  <ItemGroup>
    <ClInclude Include="Game.h">
      <Filter>Header Files</Filter>
    </ClInclude>
    <ClInclude Include="GameObject.h">
      <Filter>Header Files</Filter>
    </ClInclude>
    <ClInclude Include="Sprites.h">
      <Filter>Header Files</Filter>
    </ClInclude>
    <ClInclude Include="Textures.h">
      <Filter>Header Files</Filter>
    </ClInclude>
    <ClInclude Include="Scence.h">
      <Filter>Header Files</Filter>
    </ClInclude>
    <ClInclude Include="Animations.h">
      <Filter>Header Files</Filter>
    </ClInclude>
    <ClInclude Include="KeyEventHandler.h">
      <Filter>Header Files</Filter>
    </ClInclude>
    <ClInclude Include="Utils.h">
      <Filter>Header Files</Filter>
    </ClInclude>
    <ClInclude Include="Block.h">
      <Filter>PlayScene\Object</Filter>
    </ClInclude>
    <ClInclude Include="Brick.h">
      <Filter>PlayScene\Object</Filter>
    </ClInclude>
    <ClInclude Include="Mario.h">
      <Filter>PlayScene\Mario</Filter>
    </ClInclude>
    <ClInclude Include="QuestionBrick.h">
      <Filter>PlayScene\Object</Filter>
    </ClInclude>
    <ClInclude Include="WarpPipe.h">
      <Filter>PlayScene\Object</Filter>
    </ClInclude>
    <ClInclude Include="Map.h">
      <Filter>Map</Filter>
    </ClInclude>
    <ClInclude Include="PlayScence.h">
      <Filter>PlayScene</Filter>
    </ClInclude>
    <ClInclude Include="ItemBrick.h">
      <Filter>PlayScene\Object</Filter>
    </ClInclude>
    <ClInclude Include="QuestionBrickItem.h">
      <Filter>PlayScene\Item</Filter>
    </ClInclude>
    <ClInclude Include="FirePiranhaPlant.h">
      <Filter>PlayScene\Enemy\Plant</Filter>
    </ClInclude>
    <ClInclude Include="GreenFirePlant.h">
      <Filter>PlayScene\Enemy\Plant</Filter>
    </ClInclude>
    <ClInclude Include="GreenPlant.h">
      <Filter>PlayScene\Enemy\Plant</Filter>
    </ClInclude>
    <ClInclude Include="GreenFlyKoopas.h">
      <Filter>PlayScene\Enemy\Koopas</Filter>
    </ClInclude>
    <ClInclude Include="GreenKoopas.h">
      <Filter>PlayScene\Enemy\Koopas</Filter>
    </ClInclude>
    <ClInclude Include="Koopas.h">
      <Filter>PlayScene\Enemy\Koopas</Filter>
    </ClInclude>
    <ClInclude Include="Goomba.h">
      <Filter>PlayScene\Enemy\Goomba</Filter>
    </ClInclude>
    <ClInclude Include="MenuOption.h">
      <Filter>Intro</Filter>
    </ClInclude>
    <ClInclude Include="WorldMap.h">
      <Filter>OverWorld\WorldMap</Filter>
    </ClInclude>
    <ClInclude Include="Coin.h">
      <Filter>PlayScene\Item</Filter>
    </ClInclude>
    <ClInclude Include="Ground.h">
      <Filter>PlayScene\Ground</Filter>
    </ClInclude>
    <ClInclude Include="FireBullet.h">
      <Filter>PlayScene\MarioWeapon</Filter>
    </ClInclude>
    <ClInclude Include="HUD.h">
      <Filter>HUD</Filter>
    </ClInclude>
    <ClInclude Include="EffectHit.h">
      <Filter>PlayScene\Effect</Filter>
    </ClInclude>
    <ClInclude Include="EffectSmoke.h">
      <Filter>PlayScene\Effect</Filter>
    </ClInclude>
    <ClInclude Include="Camera.h">
      <Filter>Camera</Filter>
    </ClInclude>
    <ClInclude Include="BrickItem.h">
      <Filter>PlayScene\Object</Filter>
    </ClInclude>
    <ClInclude Include="MarioOverWorld.h">
      <Filter>OverWorld\Player</Filter>
    </ClInclude>
    <ClInclude Include="MarioTail.h">
      <Filter>PlayScene\MarioWeapon</Filter>
    </ClInclude>
    <ClInclude Include="ButtonP.h">
      <Filter>PlayScene\Item</Filter>
    </ClInclude>
    <ClInclude Include="EffectScore.h">
      <Filter>PlayScene\Effect</Filter>
    </ClInclude>
    <ClInclude Include="Enemy.h">
      <Filter>PlayScene\Enemy</Filter>
    </ClInclude>
    <ClInclude Include="BoomerangEnemy.h">
      <Filter>PlayScene\Enemy\BoomerangEnemy</Filter>
    </ClInclude>
    <ClInclude Include="BreakItemBrick.h">
      <Filter>PlayScene\Object</Filter>
    </ClInclude>
    <ClInclude Include="BoomerangWeapon.h">
      <Filter>PlayScene\Enemy\EnemyWeapon</Filter>
    </ClInclude>
    <ClInclude Include="Card.h">
      <Filter>PlayScene\Item</Filter>
    </ClInclude>
    <ClInclude Include="FlyWood.h">
      <Filter>PlayScene\Object</Filter>
    </ClInclude>
    <ClInclude Include="ListItemBrick.h">
      <Filter>PlayScene\Object</Filter>
    </ClInclude>
    <ClInclude Include="ListQuestionBrick.h">
      <Filter>PlayScene\Object</Filter>
    </ClInclude>
    <ClInclude Include="Weapon.h">
      <Filter>PlayScene\MarioWeapon</Filter>
    </ClInclude>
    <ClInclude Include="RedFlyKoopas.h">
      <Filter>PlayScene\Enemy\Koopas</Filter>
    </ClInclude>
    <ClInclude Include="RedGoomba.h">
      <Filter>PlayScene\Enemy\Goomba</Filter>
    </ClInclude>
    <ClInclude Include="Item.h">
      <Filter>PlayScene\Item</Filter>
    </ClInclude>
    <ClInclude Include="Cell.h">
      <Filter>Grid</Filter>
    </ClInclude>
    <ClInclude Include="Curtain.h">
      <Filter>Intro</Filter>
    </ClInclude>
    <ClInclude Include="DancingTree.h">
      <Filter>OverWorld\WorldMap</Filter>
    </ClInclude>
    <ClInclude Include="FlyGoomba.h">
      <Filter>PlayScene\Enemy\Goomba</Filter>
    </ClInclude>
    <ClInclude Include="Gate.h">
      <Filter>OverWorld\WorldMap</Filter>
    </ClInclude>
    <ClInclude Include="Grid.h">
      <Filter>Grid</Filter>
    </ClInclude>
    <ClInclude Include="HiddenMusicBrick.h">
      <Filter>PlayScene\Object</Filter>
    </ClInclude>
    <ClInclude Include="IntroScene.h">
      <Filter>Intro</Filter>
    </ClInclude>
    <ClInclude Include="ListNormalBrick.h">
      <Filter>PlayScene\Object</Filter>
    </ClInclude>
    <ClInclude Include="MusicBrick.h">
      <Filter>PlayScene\Object</Filter>
    </ClInclude>
    <ClInclude Include="Notification.h">
      <Filter>PlayScene\Effect</Filter>
    </ClInclude>
    <ClInclude Include="Portal.h">
      <Filter>PlayScene\Object</Filter>
    </ClInclude>
    <ClInclude Include="SmallGoomba.h">
      <Filter>PlayScene\Enemy\Goomba</Filter>
    </ClInclude>
  </ItemGroup>
  <ItemGroup>
    <Text Include="textures\map1.txt">
      <Filter>Map</Filter>
    </Text>
    <Text Include="textures\Overworld\World1Scene.txt">
      <Filter>OverWorld\WorldMap</Filter>
    </Text>
    <Text Include="textures\Effect\Effect.txt">
      <Filter>PlayScene\Effect</Filter>
    </Text>
    <Text Include="textures\Enemy\Enemy.txt">
      <Filter>PlayScene\Enemy</Filter>
    </Text>
    <Text Include="textures\HUD\HUD.txt">
      <Filter>HUD</Filter>
    </Text>
    <Text Include="textures\Item\Item.txt">
      <Filter>PlayScene\Item</Filter>
    </Text>
    <Text Include="textures\Mario\Mario.txt">
      <Filter>PlayScene\Mario</Filter>
    </Text>
    <Text Include="textures\Object\Object.txt">
      <Filter>PlayScene\Object</Filter>
    </Text>
    <Text Include="textures\World\World1\Scene1.1.txt">
      <Filter>World\World1\Scene1.1</Filter>
    </Text>
    <Text Include="textures\World\World1\Scene1.1Map.txt">
      <Filter>World\World1\Scene1.1</Filter>
    </Text>
    <Text Include="textures\World\World1\SceneHidden1.1Map.txt">
      <Filter>World\World1\Scene1.1</Filter>
    </Text>
    <Text Include="textures\World\World1\Scene1.4.txt">
      <Filter>World\World1\Scene1.4</Filter>
    </Text>
    <Text Include="textures\World\World1\Scene1.4Map.txt">
      <Filter>World\World1\Scene1.4</Filter>
    </Text>
    <Text Include="textures\Weapon\Weapon.txt">
      <Filter>PlayScene\MarioWeapon</Filter>
    </Text>
    <Text Include="mario-sample.txt" />
    <Text Include="textures\Overworld\world1_map.txt">
      <Filter>OverWorld\WorldMap</Filter>
    </Text>
    <Text Include="OutputGridScene1.1.txt">
      <Filter>Grid</Filter>
    </Text>
    <Text Include="OutputGridScene1.3.txt">
      <Filter>Grid</Filter>
    </Text>
    <Text Include="OutputGridSceneHidden1.1.txt">
      <Filter>Grid</Filter>
    </Text>
    <Text Include="OutputGridSceneHidden1.3.txt">
      <Filter>Grid</Filter>
    </Text>
    <Text Include="textures\World\World1\Scene1.3\Scene1.3.txt">
      <Filter>World\World1\Scene1.3</Filter>
    </Text>
    <Text Include="textures\World\World1\Scene1.1Hidden.txt">
      <Filter>World\World1\Scene1.1</Filter>
    </Text>
    <Text Include="textures\World\World1\Scene1.3\Scene1.3Hidden.txt">
      <Filter>World\World1\Scene1.3</Filter>
    </Text>
    <Text Include="textures\World\World1\Scene1.3\Scene1.3Map.txt">
      <Filter>World\World1\Scene1.3</Filter>
    </Text>
    <Text Include="textures\World\World1\SceneHidden1.4Map.txt">
      <Filter>World\World1\Scene1.4</Filter>
    </Text>
    <Text Include="textures\World\World1\SceneHidden1.4.txt">
      <Filter>World\World1\Scene1.4</Filter>
    </Text>
    <Text Include="textures\World\World1\Scene1.3\Scene1.3HiddenMap.txt">
      <Filter>World\World1\Scene1.3</Filter>
    </Text>
  </ItemGroup>
</Project>